// !$*UTF8*$!
{
	archiveVersion = 1;
	classes = {
	};
	objectVersion = 46;
	objects = {

/* Begin PBXBuildFile section */
		1426BF781EF6556E00375EBD /* GuestListTableViewCell.swift in Sources */ = {isa = PBXBuildFile; fileRef = 1426BF771EF6556E00375EBD /* GuestListTableViewCell.swift */; };
		1426BF7A1EF6747300375EBD /* UIImageViewX.swift in Sources */ = {isa = PBXBuildFile; fileRef = 1426BF791EF6747300375EBD /* UIImageViewX.swift */; };
		1426BF7C1EF6955700375EBD /* UIButtonX.swift in Sources */ = {isa = PBXBuildFile; fileRef = 1426BF7B1EF6955700375EBD /* UIButtonX.swift */; };
		14465E911F0AD15500889DED /* Realm.framework in Frameworks */ = {isa = PBXBuildFile; fileRef = 14465E8F1F0AD15500889DED /* Realm.framework */; };
		14465E921F0AD15500889DED /* Realm.framework in Embed Frameworks */ = {isa = PBXBuildFile; fileRef = 14465E8F1F0AD15500889DED /* Realm.framework */; settings = {ATTRIBUTES = (CodeSignOnCopy, RemoveHeadersOnCopy, ); }; };
		14465E931F0AD15500889DED /* RealmSwift.framework in Frameworks */ = {isa = PBXBuildFile; fileRef = 14465E901F0AD15500889DED /* RealmSwift.framework */; };
		14465E941F0AD15500889DED /* RealmSwift.framework in Embed Frameworks */ = {isa = PBXBuildFile; fileRef = 14465E901F0AD15500889DED /* RealmSwift.framework */; settings = {ATTRIBUTES = (CodeSignOnCopy, RemoveHeadersOnCopy, ); }; };
		14A56AAB1EF3157B0051FBC3 /* GuestListViewController.swift in Sources */ = {isa = PBXBuildFile; fileRef = 14A56AAA1EF3157B0051FBC3 /* GuestListViewController.swift */; };
		14D962581EF44C3700242FB1 /* DetailsViewModel.swift in Sources */ = {isa = PBXBuildFile; fileRef = 14D962551EF44C3700242FB1 /* DetailsViewModel.swift */; };
		14D962591EF44C3700242FB1 /* DetailViewController.swift in Sources */ = {isa = PBXBuildFile; fileRef = 14D962561EF44C3700242FB1 /* DetailViewController.swift */; };
		14D9625A1EF44C3700242FB1 /* EventDetailViewModel.swift in Sources */ = {isa = PBXBuildFile; fileRef = 14D962571EF44C3700242FB1 /* EventDetailViewModel.swift */; };
		14EE6F6B1EF1992E00D93F20 /* EventDetailViewController.swift in Sources */ = {isa = PBXBuildFile; fileRef = 14EE6F6A1EF1992E00D93F20 /* EventDetailViewController.swift */; };
		14EE6F6D1EF1B64400D93F20 /* UIViewX.swift in Sources */ = {isa = PBXBuildFile; fileRef = 14EE6F6C1EF1B64400D93F20 /* UIViewX.swift */; };
		14EE6F8F1EF30B3A00D93F20 /* UnbookedEventDetailViewController.swift in Sources */ = {isa = PBXBuildFile; fileRef = 14EE6F8E1EF30B3A00D93F20 /* UnbookedEventDetailViewController.swift */; };
		14EE6F911EF30B4800D93F20 /* BookedEventDetailViewController.swift in Sources */ = {isa = PBXBuildFile; fileRef = 14EE6F901EF30B4800D93F20 /* BookedEventDetailViewController.swift */; };
		7A7156221EEFE7A7002ECFDC /* AppDelegate.swift in Sources */ = {isa = PBXBuildFile; fileRef = 7A7156211EEFE7A7002ECFDC /* AppDelegate.swift */; };
		7A7156271EEFE7A7002ECFDC /* Main.storyboard in Resources */ = {isa = PBXBuildFile; fileRef = 7A7156251EEFE7A7002ECFDC /* Main.storyboard */; };
		7A7156291EEFE7A7002ECFDC /* Assets.xcassets in Resources */ = {isa = PBXBuildFile; fileRef = 7A7156281EEFE7A7002ECFDC /* Assets.xcassets */; };
		7A71562C1EEFE7A7002ECFDC /* LaunchScreen.storyboard in Resources */ = {isa = PBXBuildFile; fileRef = 7A71562A1EEFE7A7002ECFDC /* LaunchScreen.storyboard */; };
		7A7156371EEFE801002ECFDC /* EventsViewModel.swift in Sources */ = {isa = PBXBuildFile; fileRef = 7A7156361EEFE801002ECFDC /* EventsViewModel.swift */; };
		7A7156391EEFE80D002ECFDC /* Event.swift in Sources */ = {isa = PBXBuildFile; fileRef = 7A7156381EEFE80D002ECFDC /* Event.swift */; };
		7A71563C1EEFED4D002ECFDC /* Guest.swift in Sources */ = {isa = PBXBuildFile; fileRef = 7A71563B1EEFED4D002ECFDC /* Guest.swift */; };
		7A71563E1EF0176C002ECFDC /* EventsTableViewController.swift in Sources */ = {isa = PBXBuildFile; fileRef = 7A71563D1EF0176C002ECFDC /* EventsTableViewController.swift */; };
		7A7156401EF01DE6002ECFDC /* EventTableViewCell.swift in Sources */ = {isa = PBXBuildFile; fileRef = 7A71563F1EF01DE6002ECFDC /* EventTableViewCell.swift */; };
		7A7156421EF10F47002ECFDC /* FilterEventsTableViewController.swift in Sources */ = {isa = PBXBuildFile; fileRef = 7A7156411EF10F46002ECFDC /* FilterEventsTableViewController.swift */; };
		7A7156451EF11090002ECFDC /* FilterEventsTableViewCell.swift in Sources */ = {isa = PBXBuildFile; fileRef = 7A7156441EF11090002ECFDC /* FilterEventsTableViewCell.swift */; };
		7A7156471EF1109D002ECFDC /* FilterEventsViewModel.swift in Sources */ = {isa = PBXBuildFile; fileRef = 7A7156461EF1109D002ECFDC /* FilterEventsViewModel.swift */; };
		7A7156491EF11714002ECFDC /* SlideInPresentationController.swift in Sources */ = {isa = PBXBuildFile; fileRef = 7A7156481EF11714002ECFDC /* SlideInPresentationController.swift */; };
		7A71564B1EF1178D002ECFDC /* SlideInPresentationAnimator.swift in Sources */ = {isa = PBXBuildFile; fileRef = 7A71564A1EF1178D002ECFDC /* SlideInPresentationAnimator.swift */; };
		7A7156511EF15269002ECFDC /* FilterEventsSectionHeader.xib in Resources */ = {isa = PBXBuildFile; fileRef = 7A7156501EF15269002ECFDC /* FilterEventsSectionHeader.xib */; };
		7A7156531EF15373002ECFDC /* FilterEventsSectionHeader.swift in Sources */ = {isa = PBXBuildFile; fileRef = 7A7156521EF15373002ECFDC /* FilterEventsSectionHeader.swift */; };
		7AC4208F1F0A10C50011EF02 /* EventsWebService.swift in Sources */ = {isa = PBXBuildFile; fileRef = 7AC4208E1F0A10C50011EF02 /* EventsWebService.swift */; };
/* End PBXBuildFile section */

/* Begin PBXCopyFilesBuildPhase section */
		14465E951F0AD15500889DED /* Embed Frameworks */ = {
			isa = PBXCopyFilesBuildPhase;
			buildActionMask = 2147483647;
			dstPath = "";
			dstSubfolderSpec = 10;
			files = (
				14465E941F0AD15500889DED /* RealmSwift.framework in Embed Frameworks */,
				14465E921F0AD15500889DED /* Realm.framework in Embed Frameworks */,
			);
			name = "Embed Frameworks";
			runOnlyForDeploymentPostprocessing = 0;
		};
/* End PBXCopyFilesBuildPhase section */

/* Begin PBXFileReference section */
		1426BF771EF6556E00375EBD /* GuestListTableViewCell.swift */ = {isa = PBXFileReference; fileEncoding = 4; lastKnownFileType = sourcecode.swift; path = GuestListTableViewCell.swift; sourceTree = "<group>"; };
		1426BF791EF6747300375EBD /* UIImageViewX.swift */ = {isa = PBXFileReference; fileEncoding = 4; lastKnownFileType = sourcecode.swift; path = UIImageViewX.swift; sourceTree = "<group>"; };
		1426BF7B1EF6955700375EBD /* UIButtonX.swift */ = {isa = PBXFileReference; fileEncoding = 4; lastKnownFileType = sourcecode.swift; path = UIButtonX.swift; sourceTree = "<group>"; };
		14465E8F1F0AD15500889DED /* Realm.framework */ = {isa = PBXFileReference; lastKnownFileType = wrapper.framework; path = Realm.framework; sourceTree = "<group>"; };
		14465E901F0AD15500889DED /* RealmSwift.framework */ = {isa = PBXFileReference; lastKnownFileType = wrapper.framework; path = RealmSwift.framework; sourceTree = "<group>"; };
		14A56AAA1EF3157B0051FBC3 /* GuestListViewController.swift */ = {isa = PBXFileReference; fileEncoding = 4; lastKnownFileType = sourcecode.swift; path = GuestListViewController.swift; sourceTree = "<group>"; };
		14D962551EF44C3700242FB1 /* DetailsViewModel.swift */ = {isa = PBXFileReference; fileEncoding = 4; lastKnownFileType = sourcecode.swift; path = DetailsViewModel.swift; sourceTree = "<group>"; };
		14D962561EF44C3700242FB1 /* DetailViewController.swift */ = {isa = PBXFileReference; fileEncoding = 4; lastKnownFileType = sourcecode.swift; path = DetailViewController.swift; sourceTree = "<group>"; };
		14D962571EF44C3700242FB1 /* EventDetailViewModel.swift */ = {isa = PBXFileReference; fileEncoding = 4; lastKnownFileType = sourcecode.swift; path = EventDetailViewModel.swift; sourceTree = "<group>"; };
		14EE6F6A1EF1992E00D93F20 /* EventDetailViewController.swift */ = {isa = PBXFileReference; fileEncoding = 4; lastKnownFileType = sourcecode.swift; path = EventDetailViewController.swift; sourceTree = "<group>"; };
		14EE6F6C1EF1B64400D93F20 /* UIViewX.swift */ = {isa = PBXFileReference; fileEncoding = 4; lastKnownFileType = sourcecode.swift; path = UIViewX.swift; sourceTree = "<group>"; };
		14EE6F8E1EF30B3A00D93F20 /* UnbookedEventDetailViewController.swift */ = {isa = PBXFileReference; fileEncoding = 4; lastKnownFileType = sourcecode.swift; path = UnbookedEventDetailViewController.swift; sourceTree = "<group>"; };
		14EE6F901EF30B4800D93F20 /* BookedEventDetailViewController.swift */ = {isa = PBXFileReference; fileEncoding = 4; lastKnownFileType = sourcecode.swift; path = BookedEventDetailViewController.swift; sourceTree = "<group>"; };
		7A71561E1EEFE7A7002ECFDC /* Events New.app */ = {isa = PBXFileReference; explicitFileType = wrapper.application; includeInIndex = 0; path = "Events New.app"; sourceTree = BUILT_PRODUCTS_DIR; };
		7A7156211EEFE7A7002ECFDC /* AppDelegate.swift */ = {isa = PBXFileReference; lastKnownFileType = sourcecode.swift; path = AppDelegate.swift; sourceTree = "<group>"; };
		7A7156261EEFE7A7002ECFDC /* Base */ = {isa = PBXFileReference; lastKnownFileType = file.storyboard; name = Base; path = Base.lproj/Main.storyboard; sourceTree = "<group>"; };
		7A7156281EEFE7A7002ECFDC /* Assets.xcassets */ = {isa = PBXFileReference; lastKnownFileType = folder.assetcatalog; path = Assets.xcassets; sourceTree = "<group>"; };
		7A71562B1EEFE7A7002ECFDC /* Base */ = {isa = PBXFileReference; lastKnownFileType = file.storyboard; name = Base; path = Base.lproj/LaunchScreen.storyboard; sourceTree = "<group>"; };
		7A71562D1EEFE7A7002ECFDC /* Info.plist */ = {isa = PBXFileReference; lastKnownFileType = text.plist.xml; path = Info.plist; sourceTree = "<group>"; };
		7A7156361EEFE801002ECFDC /* EventsViewModel.swift */ = {isa = PBXFileReference; fileEncoding = 4; lastKnownFileType = sourcecode.swift; path = EventsViewModel.swift; sourceTree = "<group>"; };
		7A7156381EEFE80D002ECFDC /* Event.swift */ = {isa = PBXFileReference; fileEncoding = 4; lastKnownFileType = sourcecode.swift; path = Event.swift; sourceTree = "<group>"; };
		7A71563B1EEFED4D002ECFDC /* Guest.swift */ = {isa = PBXFileReference; fileEncoding = 4; lastKnownFileType = sourcecode.swift; path = Guest.swift; sourceTree = "<group>"; };
		7A71563D1EF0176C002ECFDC /* EventsTableViewController.swift */ = {isa = PBXFileReference; fileEncoding = 4; lastKnownFileType = sourcecode.swift; path = EventsTableViewController.swift; sourceTree = "<group>"; };
		7A71563F1EF01DE6002ECFDC /* EventTableViewCell.swift */ = {isa = PBXFileReference; fileEncoding = 4; lastKnownFileType = sourcecode.swift; path = EventTableViewCell.swift; sourceTree = "<group>"; };
		7A7156411EF10F46002ECFDC /* FilterEventsTableViewController.swift */ = {isa = PBXFileReference; fileEncoding = 4; lastKnownFileType = sourcecode.swift; path = FilterEventsTableViewController.swift; sourceTree = "<group>"; };
		7A7156441EF11090002ECFDC /* FilterEventsTableViewCell.swift */ = {isa = PBXFileReference; fileEncoding = 4; lastKnownFileType = sourcecode.swift; path = FilterEventsTableViewCell.swift; sourceTree = "<group>"; };
		7A7156461EF1109D002ECFDC /* FilterEventsViewModel.swift */ = {isa = PBXFileReference; fileEncoding = 4; lastKnownFileType = sourcecode.swift; path = FilterEventsViewModel.swift; sourceTree = "<group>"; };
		7A7156481EF11714002ECFDC /* SlideInPresentationController.swift */ = {isa = PBXFileReference; fileEncoding = 4; lastKnownFileType = sourcecode.swift; path = SlideInPresentationController.swift; sourceTree = "<group>"; };
		7A71564A1EF1178D002ECFDC /* SlideInPresentationAnimator.swift */ = {isa = PBXFileReference; fileEncoding = 4; lastKnownFileType = sourcecode.swift; path = SlideInPresentationAnimator.swift; sourceTree = "<group>"; };
		7A7156501EF15269002ECFDC /* FilterEventsSectionHeader.xib */ = {isa = PBXFileReference; fileEncoding = 4; lastKnownFileType = file.xib; path = FilterEventsSectionHeader.xib; sourceTree = "<group>"; };
		7A7156521EF15373002ECFDC /* FilterEventsSectionHeader.swift */ = {isa = PBXFileReference; fileEncoding = 4; lastKnownFileType = sourcecode.swift; path = FilterEventsSectionHeader.swift; sourceTree = "<group>"; };
		7AC4208E1F0A10C50011EF02 /* EventsWebService.swift */ = {isa = PBXFileReference; fileEncoding = 4; lastKnownFileType = sourcecode.swift; path = EventsWebService.swift; sourceTree = "<group>"; };
/* End PBXFileReference section */

/* Begin PBXFrameworksBuildPhase section */
		7A71561B1EEFE7A7002ECFDC /* Frameworks */ = {
			isa = PBXFrameworksBuildPhase;
			buildActionMask = 2147483647;
			files = (
				14465E931F0AD15500889DED /* RealmSwift.framework in Frameworks */,
				14465E911F0AD15500889DED /* Realm.framework in Frameworks */,
			);
			runOnlyForDeploymentPostprocessing = 0;
		};
/* End PBXFrameworksBuildPhase section */

/* Begin PBXGroup section */
		1426BF711EF4F3B500375EBD /* Details Section */ = {
			isa = PBXGroup;
			children = (
				14D962561EF44C3700242FB1 /* DetailViewController.swift */,
				14EE6F8E1EF30B3A00D93F20 /* UnbookedEventDetailViewController.swift */,
				14EE6F901EF30B4800D93F20 /* BookedEventDetailViewController.swift */,
			);
			name = "Details Section";
			sourceTree = "<group>";
		};
		1426BF721EF4F3C000375EBD /* Guest Section */ = {
			isa = PBXGroup;
			children = (
				14A56AAA1EF3157B0051FBC3 /* GuestListViewController.swift */,
				1426BF771EF6556E00375EBD /* GuestListTableViewCell.swift */,
			);
			name = "Guest Section";
			sourceTree = "<group>";
		};
		1426BF731EF4F3CD00375EBD /* View */ = {
			isa = PBXGroup;
			children = (
				14EE6F6A1EF1992E00D93F20 /* EventDetailViewController.swift */,
			);
			name = View;
			sourceTree = "<group>";
		};
		1426BF761EF4F40100375EBD /* ViewModel */ = {
			isa = PBXGroup;
			children = (
				14D962551EF44C3700242FB1 /* DetailsViewModel.swift */,
				14D962571EF44C3700242FB1 /* EventDetailViewModel.swift */,
			);
			name = ViewModel;
			sourceTree = "<group>";
		};
		14EE6F6E1EF1BB8400D93F20 /* Event Details */ = {
			isa = PBXGroup;
			children = (
				1426BF761EF4F40100375EBD /* ViewModel */,
				1426BF711EF4F3B500375EBD /* Details Section */,
				1426BF731EF4F3CD00375EBD /* View */,
				1426BF721EF4F3C000375EBD /* Guest Section */,
			);
			name = "Event Details";
			sourceTree = "<group>";
		};
		14EE6F8D1EF1BD7B00D93F20 /* Helper Classes */ = {
			isa = PBXGroup;
			children = (
				14EE6F6C1EF1B64400D93F20 /* UIViewX.swift */,
				1426BF791EF6747300375EBD /* UIImageViewX.swift */,
				1426BF7B1EF6955700375EBD /* UIButtonX.swift */,
			);
			name = "Helper Classes";
			sourceTree = "<group>";
		};
		7A7156151EEFE7A7002ECFDC = {
			isa = PBXGroup;
			children = (
				14465E8F1F0AD15500889DED /* Realm.framework */,
				14465E901F0AD15500889DED /* RealmSwift.framework */,
				7A7156201EEFE7A7002ECFDC /* Events New */,
				7A71561F1EEFE7A7002ECFDC /* Products */,
			);
			sourceTree = "<group>";
		};
		7A71561F1EEFE7A7002ECFDC /* Products */ = {
			isa = PBXGroup;
			children = (
				7A71561E1EEFE7A7002ECFDC /* Events New.app */,
			);
			name = Products;
			sourceTree = "<group>";
		};
		7A7156201EEFE7A7002ECFDC /* Events New */ = {
			isa = PBXGroup;
			children = (
				14EE6F8D1EF1BD7B00D93F20 /* Helper Classes */,
				14EE6F6E1EF1BB8400D93F20 /* Event Details */,
				7A71563A1EEFE813002ECFDC /* Events View */,
				7A7156211EEFE7A7002ECFDC /* AppDelegate.swift */,
				7A7156251EEFE7A7002ECFDC /* Main.storyboard */,
				7A7156281EEFE7A7002ECFDC /* Assets.xcassets */,
				7A71562A1EEFE7A7002ECFDC /* LaunchScreen.storyboard */,
				7A71562D1EEFE7A7002ECFDC /* Info.plist */,
			);
			path = "Events New";
			sourceTree = "<group>";
		};
		7A71563A1EEFE813002ECFDC /* Events View */ = {
			isa = PBXGroup;
			children = (
				7AC4208E1F0A10C50011EF02 /* EventsWebService.swift */,
				7A71564D1EF1523F002ECFDC /* View */,
				7A71564E1EF15246002ECFDC /* View Model */,
				7A71564F1EF1524D002ECFDC /* Model */,
				7A7156431EF1103F002ECFDC /* Filter */,
			);
			name = "Events View";
			sourceTree = "<group>";
		};
		7A7156431EF1103F002ECFDC /* Filter */ = {
			isa = PBXGroup;
			children = (
				7A71564C1EF15235002ECFDC /* Transition */,
				7A7156541EF1542F002ECFDC /* View */,
				7A7156551EF15434002ECFDC /* ViewModel */,
			);
			name = Filter;
			sourceTree = "<group>";
		};
		7A71564C1EF15235002ECFDC /* Transition */ = {
			isa = PBXGroup;
			children = (
				7A71564A1EF1178D002ECFDC /* SlideInPresentationAnimator.swift */,
				7A7156481EF11714002ECFDC /* SlideInPresentationController.swift */,
			);
			name = Transition;
			sourceTree = "<group>";
		};
		7A71564D1EF1523F002ECFDC /* View */ = {
			isa = PBXGroup;
			children = (
				7A71563F1EF01DE6002ECFDC /* EventTableViewCell.swift */,
				7A71563D1EF0176C002ECFDC /* EventsTableViewController.swift */,
			);
			name = View;
			sourceTree = "<group>";
		};
		7A71564E1EF15246002ECFDC /* View Model */ = {
			isa = PBXGroup;
			children = (
				7A7156361EEFE801002ECFDC /* EventsViewModel.swift */,
			);
			name = "View Model";
			sourceTree = "<group>";
		};
		7A71564F1EF1524D002ECFDC /* Model */ = {
			isa = PBXGroup;
			children = (
				7A7156381EEFE80D002ECFDC /* Event.swift */,
				7A71563B1EEFED4D002ECFDC /* Guest.swift */,
			);
			name = Model;
			sourceTree = "<group>";
		};
		7A7156541EF1542F002ECFDC /* View */ = {
			isa = PBXGroup;
			children = (
				7A7156411EF10F46002ECFDC /* FilterEventsTableViewController.swift */,
				7A7156441EF11090002ECFDC /* FilterEventsTableViewCell.swift */,
				7A7156501EF15269002ECFDC /* FilterEventsSectionHeader.xib */,
				7A7156521EF15373002ECFDC /* FilterEventsSectionHeader.swift */,
			);
			name = View;
			sourceTree = "<group>";
		};
		7A7156551EF15434002ECFDC /* ViewModel */ = {
			isa = PBXGroup;
			children = (
				7A7156461EF1109D002ECFDC /* FilterEventsViewModel.swift */,
			);
			name = ViewModel;
			sourceTree = "<group>";
		};
/* End PBXGroup section */

/* Begin PBXNativeTarget section */
		7A71561D1EEFE7A7002ECFDC /* Events New */ = {
			isa = PBXNativeTarget;
			buildConfigurationList = 7A7156301EEFE7A7002ECFDC /* Build configuration list for PBXNativeTarget "Events New" */;
			buildPhases = (
				7A71561A1EEFE7A7002ECFDC /* Sources */,
				7A71561B1EEFE7A7002ECFDC /* Frameworks */,
				7A71561C1EEFE7A7002ECFDC /* Resources */,
				14465E951F0AD15500889DED /* Embed Frameworks */,
				14465E961F0AD17600889DED /* ShellScript */,
			);
			buildRules = (
			);
			dependencies = (
			);
			name = "Events New";
			productName = "Events New";
			productReference = 7A71561E1EEFE7A7002ECFDC /* Events New.app */;
			productType = "com.apple.product-type.application";
		};
/* End PBXNativeTarget section */

/* Begin PBXProject section */
		7A7156161EEFE7A7002ECFDC /* Project object */ = {
			isa = PBXProject;
			attributes = {
				LastSwiftUpdateCheck = 0830;
				LastUpgradeCheck = 0830;
				ORGANIZATIONNAME = "Subhadeep Pal";
				TargetAttributes = {
					7A71561D1EEFE7A7002ECFDC = {
						CreatedOnToolsVersion = 8.3.2;
						DevelopmentTeam = DSRD6624UQ;
						ProvisioningStyle = Automatic;
					};
				};
			};
			buildConfigurationList = 7A7156191EEFE7A7002ECFDC /* Build configuration list for PBXProject "Events New" */;
			compatibilityVersion = "Xcode 3.2";
			developmentRegion = English;
			hasScannedForEncodings = 0;
			knownRegions = (
				en,
				Base,
			);
			mainGroup = 7A7156151EEFE7A7002ECFDC;
			productRefGroup = 7A71561F1EEFE7A7002ECFDC /* Products */;
			projectDirPath = "";
			projectRoot = "";
			targets = (
				7A71561D1EEFE7A7002ECFDC /* Events New */,
			);
		};
/* End PBXProject section */

/* Begin PBXResourcesBuildPhase section */
		7A71561C1EEFE7A7002ECFDC /* Resources */ = {
			isa = PBXResourcesBuildPhase;
			buildActionMask = 2147483647;
			files = (
				7A71562C1EEFE7A7002ECFDC /* LaunchScreen.storyboard in Resources */,
				7A7156291EEFE7A7002ECFDC /* Assets.xcassets in Resources */,
				7A7156271EEFE7A7002ECFDC /* Main.storyboard in Resources */,
				7A7156511EF15269002ECFDC /* FilterEventsSectionHeader.xib in Resources */,
			);
			runOnlyForDeploymentPostprocessing = 0;
		};
/* End PBXResourcesBuildPhase section */

/* Begin PBXShellScriptBuildPhase section */
		14465E961F0AD17600889DED /* ShellScript */ = {
			isa = PBXShellScriptBuildPhase;
			buildActionMask = 2147483647;
			files = (
			);
			inputPaths = (
			);
			outputPaths = (
			);
			runOnlyForDeploymentPostprocessing = 0;
			shellPath = /bin/sh;
			shellScript = "bash \"${BUILT_PRODUCTS_DIR}/${FRAMEWORKS_FOLDER_PATH}/Realm.framework/strip-frameworks.sh\"";
		};
/* End PBXShellScriptBuildPhase section */

/* Begin PBXSourcesBuildPhase section */
		7A71561A1EEFE7A7002ECFDC /* Sources */ = {
			isa = PBXSourcesBuildPhase;
			buildActionMask = 2147483647;
			files = (
				7A7156451EF11090002ECFDC /* FilterEventsTableViewCell.swift in Sources */,
				1426BF7C1EF6955700375EBD /* UIButtonX.swift in Sources */,
				7A7156401EF01DE6002ECFDC /* EventTableViewCell.swift in Sources */,
				7A7156421EF10F47002ECFDC /* FilterEventsTableViewController.swift in Sources */,
				14EE6F6B1EF1992E00D93F20 /* EventDetailViewController.swift in Sources */,
				7A71563C1EEFED4D002ECFDC /* Guest.swift in Sources */,
				14EE6F6D1EF1B64400D93F20 /* UIViewX.swift in Sources */,
				7A7156471EF1109D002ECFDC /* FilterEventsViewModel.swift in Sources */,
				14EE6F8F1EF30B3A00D93F20 /* UnbookedEventDetailViewController.swift in Sources */,
				14EE6F911EF30B4800D93F20 /* BookedEventDetailViewController.swift in Sources */,
				7A71564B1EF1178D002ECFDC /* SlideInPresentationAnimator.swift in Sources */,
				14D962591EF44C3700242FB1 /* DetailViewController.swift in Sources */,
				7A7156391EEFE80D002ECFDC /* Event.swift in Sources */,
				7AC4208F1F0A10C50011EF02 /* EventsWebService.swift in Sources */,
				7A7156371EEFE801002ECFDC /* EventsViewModel.swift in Sources */,
				1426BF781EF6556E00375EBD /* GuestListTableViewCell.swift in Sources */,
				7A71563E1EF0176C002ECFDC /* EventsTableViewController.swift in Sources */,
				14D9625A1EF44C3700242FB1 /* EventDetailViewModel.swift in Sources */,
				7A7156491EF11714002ECFDC /* SlideInPresentationController.swift in Sources */,
				7A7156221EEFE7A7002ECFDC /* AppDelegate.swift in Sources */,
				14A56AAB1EF3157B0051FBC3 /* GuestListViewController.swift in Sources */,
				7A7156531EF15373002ECFDC /* FilterEventsSectionHeader.swift in Sources */,
				14D962581EF44C3700242FB1 /* DetailsViewModel.swift in Sources */,
				1426BF7A1EF6747300375EBD /* UIImageViewX.swift in Sources */,
			);
			runOnlyForDeploymentPostprocessing = 0;
		};
/* End PBXSourcesBuildPhase section */

/* Begin PBXVariantGroup section */
		7A7156251EEFE7A7002ECFDC /* Main.storyboard */ = {
			isa = PBXVariantGroup;
			children = (
				7A7156261EEFE7A7002ECFDC /* Base */,
			);
			name = Main.storyboard;
			sourceTree = "<group>";
		};
		7A71562A1EEFE7A7002ECFDC /* LaunchScreen.storyboard */ = {
			isa = PBXVariantGroup;
			children = (
				7A71562B1EEFE7A7002ECFDC /* Base */,
			);
			name = LaunchScreen.storyboard;
			sourceTree = "<group>";
		};
/* End PBXVariantGroup section */

/* Begin XCBuildConfiguration section */
		7A71562E1EEFE7A7002ECFDC /* Debug */ = {
			isa = XCBuildConfiguration;
			buildSettings = {
				ALWAYS_SEARCH_USER_PATHS = NO;
				CLANG_ANALYZER_NONNULL = YES;
				CLANG_ANALYZER_NUMBER_OBJECT_CONVERSION = YES_AGGRESSIVE;
				CLANG_CXX_LANGUAGE_STANDARD = "gnu++0x";
				CLANG_CXX_LIBRARY = "libc++";
				CLANG_ENABLE_MODULES = YES;
				CLANG_ENABLE_OBJC_ARC = YES;
				CLANG_WARN_BOOL_CONVERSION = YES;
				CLANG_WARN_CONSTANT_CONVERSION = YES;
				CLANG_WARN_DIRECT_OBJC_ISA_USAGE = YES_ERROR;
				CLANG_WARN_DOCUMENTATION_COMMENTS = YES;
				CLANG_WARN_EMPTY_BODY = YES;
				CLANG_WARN_ENUM_CONVERSION = YES;
				CLANG_WARN_INFINITE_RECURSION = YES;
				CLANG_WARN_INT_CONVERSION = YES;
				CLANG_WARN_OBJC_ROOT_CLASS = YES_ERROR;
				CLANG_WARN_SUSPICIOUS_MOVE = YES;
				CLANG_WARN_UNREACHABLE_CODE = YES;
				CLANG_WARN__DUPLICATE_METHOD_MATCH = YES;
				"CODE_SIGN_IDENTITY[sdk=iphoneos*]" = "iPhone Developer";
				COPY_PHASE_STRIP = NO;
				DEBUG_INFORMATION_FORMAT = dwarf;
				ENABLE_STRICT_OBJC_MSGSEND = YES;
				ENABLE_TESTABILITY = YES;
				GCC_C_LANGUAGE_STANDARD = gnu99;
				GCC_DYNAMIC_NO_PIC = NO;
				GCC_NO_COMMON_BLOCKS = YES;
				GCC_OPTIMIZATION_LEVEL = 0;
				GCC_PREPROCESSOR_DEFINITIONS = (
					"DEBUG=1",
					"$(inherited)",
				);
				GCC_WARN_64_TO_32_BIT_CONVERSION = YES;
				GCC_WARN_ABOUT_RETURN_TYPE = YES_ERROR;
				GCC_WARN_UNDECLARED_SELECTOR = YES;
				GCC_WARN_UNINITIALIZED_AUTOS = YES_AGGRESSIVE;
				GCC_WARN_UNUSED_FUNCTION = YES;
				GCC_WARN_UNUSED_VARIABLE = YES;
				IPHONEOS_DEPLOYMENT_TARGET = 10.3;
				MTL_ENABLE_DEBUG_INFO = YES;
				ONLY_ACTIVE_ARCH = YES;
				SDKROOT = iphoneos;
				SWIFT_ACTIVE_COMPILATION_CONDITIONS = DEBUG;
				SWIFT_OPTIMIZATION_LEVEL = "-Onone";
			};
			name = Debug;
		};
		7A71562F1EEFE7A7002ECFDC /* Release */ = {
			isa = XCBuildConfiguration;
			buildSettings = {
				ALWAYS_SEARCH_USER_PATHS = NO;
				CLANG_ANALYZER_NONNULL = YES;
				CLANG_ANALYZER_NUMBER_OBJECT_CONVERSION = YES_AGGRESSIVE;
				CLANG_CXX_LANGUAGE_STANDARD = "gnu++0x";
				CLANG_CXX_LIBRARY = "libc++";
				CLANG_ENABLE_MODULES = YES;
				CLANG_ENABLE_OBJC_ARC = YES;
				CLANG_WARN_BOOL_CONVERSION = YES;
				CLANG_WARN_CONSTANT_CONVERSION = YES;
				CLANG_WARN_DIRECT_OBJC_ISA_USAGE = YES_ERROR;
				CLANG_WARN_DOCUMENTATION_COMMENTS = YES;
				CLANG_WARN_EMPTY_BODY = YES;
				CLANG_WARN_ENUM_CONVERSION = YES;
				CLANG_WARN_INFINITE_RECURSION = YES;
				CLANG_WARN_INT_CONVERSION = YES;
				CLANG_WARN_OBJC_ROOT_CLASS = YES_ERROR;
				CLANG_WARN_SUSPICIOUS_MOVE = YES;
				CLANG_WARN_UNREACHABLE_CODE = YES;
				CLANG_WARN__DUPLICATE_METHOD_MATCH = YES;
				"CODE_SIGN_IDENTITY[sdk=iphoneos*]" = "iPhone Developer";
				COPY_PHASE_STRIP = NO;
				DEBUG_INFORMATION_FORMAT = "dwarf-with-dsym";
				ENABLE_NS_ASSERTIONS = NO;
				ENABLE_STRICT_OBJC_MSGSEND = YES;
				GCC_C_LANGUAGE_STANDARD = gnu99;
				GCC_NO_COMMON_BLOCKS = YES;
				GCC_WARN_64_TO_32_BIT_CONVERSION = YES;
				GCC_WARN_ABOUT_RETURN_TYPE = YES_ERROR;
				GCC_WARN_UNDECLARED_SELECTOR = YES;
				GCC_WARN_UNINITIALIZED_AUTOS = YES_AGGRESSIVE;
				GCC_WARN_UNUSED_FUNCTION = YES;
				GCC_WARN_UNUSED_VARIABLE = YES;
				IPHONEOS_DEPLOYMENT_TARGET = 10.3;
				MTL_ENABLE_DEBUG_INFO = NO;
				SDKROOT = iphoneos;
				SWIFT_OPTIMIZATION_LEVEL = "-Owholemodule";
				VALIDATE_PRODUCT = YES;
			};
			name = Release;
		};
		7A7156311EEFE7A7002ECFDC /* Debug */ = {
			isa = XCBuildConfiguration;
			buildSettings = {
				ASSETCATALOG_COMPILER_APPICON_NAME = AppIcon;
				DEVELOPMENT_TEAM = DSRD6624UQ;
				FRAMEWORK_SEARCH_PATHS = (
					"$(inherited)",
					"$(PROJECT_DIR)",
				);
				INFOPLIST_FILE = "Events New/Info.plist";
				IPHONEOS_DEPLOYMENT_TARGET = 9.0;
				LD_RUNPATH_SEARCH_PATHS = "$(inherited) @executable_path/Frameworks";
				PRODUCT_BUNDLE_IDENTIFIER = "com.learning.subhadeep.Events-New";
				PRODUCT_NAME = "$(TARGET_NAME)";
				SWIFT_VERSION = 3.0;
			};
			name = Debug;
		};
		7A7156321EEFE7A7002ECFDC /* Release */ = {
			isa = XCBuildConfiguration;
			buildSettings = {
				ASSETCATALOG_COMPILER_APPICON_NAME = AppIcon;
				DEVELOPMENT_TEAM = DSRD6624UQ;
				FRAMEWORK_SEARCH_PATHS = (
					"$(inherited)",
					"$(PROJECT_DIR)",
				);
				INFOPLIST_FILE = "Events New/Info.plist";
				IPHONEOS_DEPLOYMENT_TARGET = 9.0;
				LD_RUNPATH_SEARCH_PATHS = "$(inherited) @executable_path/Frameworks";
				PRODUCT_BUNDLE_IDENTIFIER = "com.learning.subhadeep.Events-New";
				PRODUCT_NAME = "$(TARGET_NAME)";
				SWIFT_VERSION = 3.0;
			};
			name = Release;
		};
/* End XCBuildConfiguration section */

/* Begin XCConfigurationList section */
		7A7156191EEFE7A7002ECFDC /* Build configuration list for PBXProject "Events New" */ = {
			isa = XCConfigurationList;
			buildConfigurations = (
				7A71562E1EEFE7A7002ECFDC /* Debug */,
				7A71562F1EEFE7A7002ECFDC /* Release */,
			);
			defaultConfigurationIsVisible = 0;
			defaultConfigurationName = Release;
		};
		7A7156301EEFE7A7002ECFDC /* Build configuration list for PBXNativeTarget "Events New" */ = {
			isa = XCConfigurationList;
			buildConfigurations = (
				7A7156311EEFE7A7002ECFDC /* Debug */,
				7A7156321EEFE7A7002ECFDC /* Release */,
			);
			defaultConfigurationIsVisible = 0;
			defaultConfigurationName = Release;
		};
/* End XCConfigurationList section */
	};
	rootObject = 7A7156161EEFE7A7002ECFDC /* Project object */;
}
